// !$*UTF8*$!
{
	archiveVersion = 1;
	classes = {
	};
	objectVersion = 46;
	objects = {

/* Begin PBXBuildFile section */
		3F6CE1731DA1DEF5004F74D7 /* Space.sks in Resources */ = {isa = PBXBuildFile; fileRef = 3F6CE1711DA1DEF5004F74D7 /* Space.sks */; };
		3F6CE1741DA1DEF5004F74D7 /* spark.png in Resources */ = {isa = PBXBuildFile; fileRef = 3F6CE1721DA1DEF5004F74D7 /* spark.png */; };
		3F6CE1761DA1E39D004F74D7 /* bombShip.png in Resources */ = {isa = PBXBuildFile; fileRef = 3F6CE1751DA1E39D004F74D7 /* bombShip.png */; };
		3F6CE17A1DA1E402004F74D7 /* BombShipSprite.swift in Sources */ = {isa = PBXBuildFile; fileRef = 3F6CE1791DA1E402004F74D7 /* BombShipSprite.swift */; };
		3F7925381D9863AA00107727 /* CGFloat+Extensions.swift in Sources */ = {isa = PBXBuildFile; fileRef = 3F7925341D9863AA00107727 /* CGFloat+Extensions.swift */; };
		3F7925391D9863AA00107727 /* CGPoint+Extensions.swift in Sources */ = {isa = PBXBuildFile; fileRef = 3F7925351D9863AA00107727 /* CGPoint+Extensions.swift */; };
		3F79253A1D9863AA00107727 /* GameData.swift in Sources */ = {isa = PBXBuildFile; fileRef = 3F7925361D9863AA00107727 /* GameData.swift */; };
		3F79253B1D9863AA00107727 /* MyUtils.swift in Sources */ = {isa = PBXBuildFile; fileRef = 3F7925371D9863AA00107727 /* MyUtils.swift */; };
		3F79253D1D98696B00107727 /* PlayerSprite.swift in Sources */ = {isa = PBXBuildFile; fileRef = 3F79253C1D98696B00107727 /* PlayerSprite.swift */; };
		3F9161091D999393007E381E /* bullet.png in Resources */ = {isa = PBXBuildFile; fileRef = 3F9161081D999393007E381E /* bullet.png */; };
		3FAF850D1D943495004E451B /* AppDelegate.swift in Sources */ = {isa = PBXBuildFile; fileRef = 3FAF850C1D943495004E451B /* AppDelegate.swift */; };
		3FAF850F1D943496004E451B /* GameScene.sks in Resources */ = {isa = PBXBuildFile; fileRef = 3FAF850E1D943496004E451B /* GameScene.sks */; };
		3FAF85111D943496004E451B /* Actions.sks in Resources */ = {isa = PBXBuildFile; fileRef = 3FAF85101D943496004E451B /* Actions.sks */; };
		3FAF85131D943496004E451B /* GameScene.swift in Sources */ = {isa = PBXBuildFile; fileRef = 3FAF85121D943496004E451B /* GameScene.swift */; };
		3FAF85151D943496004E451B /* GameViewController.swift in Sources */ = {isa = PBXBuildFile; fileRef = 3FAF85141D943496004E451B /* GameViewController.swift */; };
		3FAF85181D943496004E451B /* Main.storyboard in Resources */ = {isa = PBXBuildFile; fileRef = 3FAF85161D943496004E451B /* Main.storyboard */; };
		3FAF851A1D943496004E451B /* Assets.xcassets in Resources */ = {isa = PBXBuildFile; fileRef = 3FAF85191D943496004E451B /* Assets.xcassets */; };
		3FAF851D1D943496004E451B /* LaunchScreen.storyboard in Resources */ = {isa = PBXBuildFile; fileRef = 3FAF851B1D943496004E451B /* LaunchScreen.storyboard */; };
		3FAF85321D943AE7004E451B /* HomeScene.swift in Sources */ = {isa = PBXBuildFile; fileRef = 3FAF85311D943AE7004E451B /* HomeScene.swift */; };
		3FAF85361D945386004E451B /* LevelResults.swift in Sources */ = {isa = PBXBuildFile; fileRef = 3FAF85351D945386004E451B /* LevelResults.swift */; };
		3FAF85381D94545A004E451B /* LevelFinishScene.swift in Sources */ = {isa = PBXBuildFile; fileRef = 3FAF85371D94545A004E451B /* LevelFinishScene.swift */; };
		3FAF853A1D945771004E451B /* GameOverScene.swift in Sources */ = {isa = PBXBuildFile; fileRef = 3FAF85391D945771004E451B /* GameOverScene.swift */; };
		3FF0BA8F1D99BE2E00A44A38 /* Bullet.swift in Sources */ = {isa = PBXBuildFile; fileRef = 3FF0BA8E1D99BE2E00A44A38 /* Bullet.swift */; };
		3FF0BA911D99C85600A44A38 /* AlienSprite.swift in Sources */ = {isa = PBXBuildFile; fileRef = 3FF0BA901D99C85600A44A38 /* AlienSprite.swift */; };
/* End PBXBuildFile section */

/* Begin PBXFileReference section */
		3F6CE1711DA1DEF5004F74D7 /* Space.sks */ = {isa = PBXFileReference; lastKnownFileType = file.sks; path = Space.sks; sourceTree = "<group>"; };
		3F6CE1721DA1DEF5004F74D7 /* spark.png */ = {isa = PBXFileReference; lastKnownFileType = image.png; path = spark.png; sourceTree = "<group>"; };
		3F6CE1751DA1E39D004F74D7 /* bombShip.png */ = {isa = PBXFileReference; lastKnownFileType = image.png; path = bombShip.png; sourceTree = "<group>"; };
		3F6CE1791DA1E402004F74D7 /* BombShipSprite.swift */ = {isa = PBXFileReference; fileEncoding = 4; lastKnownFileType = sourcecode.swift; path = BombShipSprite.swift; sourceTree = "<group>"; };
		3F7925341D9863AA00107727 /* CGFloat+Extensions.swift */ = {isa = PBXFileReference; fileEncoding = 4; lastKnownFileType = sourcecode.swift; path = "CGFloat+Extensions.swift"; sourceTree = "<group>"; };
		3F7925351D9863AA00107727 /* CGPoint+Extensions.swift */ = {isa = PBXFileReference; fileEncoding = 4; lastKnownFileType = sourcecode.swift; path = "CGPoint+Extensions.swift"; sourceTree = "<group>"; };
		3F7925361D9863AA00107727 /* GameData.swift */ = {isa = PBXFileReference; fileEncoding = 4; lastKnownFileType = sourcecode.swift; path = GameData.swift; sourceTree = "<group>"; };
		3F7925371D9863AA00107727 /* MyUtils.swift */ = {isa = PBXFileReference; fileEncoding = 4; lastKnownFileType = sourcecode.swift; path = MyUtils.swift; sourceTree = "<group>"; };
		3F79253C1D98696B00107727 /* PlayerSprite.swift */ = {isa = PBXFileReference; fileEncoding = 4; lastKnownFileType = sourcecode.swift; path = PlayerSprite.swift; sourceTree = "<group>"; };
		3F9161081D999393007E381E /* bullet.png */ = {isa = PBXFileReference; lastKnownFileType = image.png; path = bullet.png; sourceTree = "<group>"; };
		3FAF85091D943495004E451B /* shoter.app */ = {isa = PBXFileReference; explicitFileType = wrapper.application; includeInIndex = 0; path = shoter.app; sourceTree = BUILT_PRODUCTS_DIR; };
		3FAF850C1D943495004E451B /* AppDelegate.swift */ = {isa = PBXFileReference; lastKnownFileType = sourcecode.swift; path = AppDelegate.swift; sourceTree = "<group>"; };
		3FAF850E1D943496004E451B /* GameScene.sks */ = {isa = PBXFileReference; lastKnownFileType = file.sks; path = GameScene.sks; sourceTree = "<group>"; };
		3FAF85101D943496004E451B /* Actions.sks */ = {isa = PBXFileReference; lastKnownFileType = file.sks; path = Actions.sks; sourceTree = "<group>"; };
		3FAF85121D943496004E451B /* GameScene.swift */ = {isa = PBXFileReference; lastKnownFileType = sourcecode.swift; path = GameScene.swift; sourceTree = "<group>"; };
		3FAF85141D943496004E451B /* GameViewController.swift */ = {isa = PBXFileReference; lastKnownFileType = sourcecode.swift; path = GameViewController.swift; sourceTree = "<group>"; };
		3FAF85171D943496004E451B /* Base */ = {isa = PBXFileReference; lastKnownFileType = file.storyboard; name = Base; path = Base.lproj/Main.storyboard; sourceTree = "<group>"; };
		3FAF85191D943496004E451B /* Assets.xcassets */ = {isa = PBXFileReference; lastKnownFileType = folder.assetcatalog; path = Assets.xcassets; sourceTree = "<group>"; };
		3FAF851C1D943496004E451B /* Base */ = {isa = PBXFileReference; lastKnownFileType = file.storyboard; name = Base; path = Base.lproj/LaunchScreen.storyboard; sourceTree = "<group>"; };
		3FAF851E1D943496004E451B /* Info.plist */ = {isa = PBXFileReference; lastKnownFileType = text.plist.xml; path = Info.plist; sourceTree = "<group>"; };
		3FAF85311D943AE7004E451B /* HomeScene.swift */ = {isa = PBXFileReference; fileEncoding = 4; lastKnownFileType = sourcecode.swift; path = HomeScene.swift; sourceTree = "<group>"; };
		3FAF85351D945386004E451B /* LevelResults.swift */ = {isa = PBXFileReference; fileEncoding = 4; lastKnownFileType = sourcecode.swift; path = LevelResults.swift; sourceTree = "<group>"; };
		3FAF85371D94545A004E451B /* LevelFinishScene.swift */ = {isa = PBXFileReference; fileEncoding = 4; lastKnownFileType = sourcecode.swift; path = LevelFinishScene.swift; sourceTree = "<group>"; };
		3FAF85391D945771004E451B /* GameOverScene.swift */ = {isa = PBXFileReference; fileEncoding = 4; lastKnownFileType = sourcecode.swift; path = GameOverScene.swift; sourceTree = "<group>"; };
		3FF0BA8E1D99BE2E00A44A38 /* Bullet.swift */ = {isa = PBXFileReference; fileEncoding = 4; lastKnownFileType = sourcecode.swift; path = Bullet.swift; sourceTree = "<group>"; };
		3FF0BA901D99C85600A44A38 /* AlienSprite.swift */ = {isa = PBXFileReference; fileEncoding = 4; lastKnownFileType = sourcecode.swift; path = AlienSprite.swift; sourceTree = "<group>"; };
/* End PBXFileReference section */

/* Begin PBXFrameworksBuildPhase section */
		3FAF85061D943495004E451B /* Frameworks */ = {
			isa = PBXFrameworksBuildPhase;
			buildActionMask = 2147483647;
			files = (
			);
			runOnlyForDeploymentPostprocessing = 0;
		};
/* End PBXFrameworksBuildPhase section */

/* Begin PBXGroup section */
		3FAF85001D943495004E451B = {
			isa = PBXGroup;
			children = (
				3FAF850B1D943495004E451B /* shoter */,
				3FAF850A1D943495004E451B /* Products */,
			);
			sourceTree = "<group>";
		};
		3FAF850A1D943495004E451B /* Products */ = {
			isa = PBXGroup;
			children = (
				3FAF85091D943495004E451B /* shoter.app */,
			);
			name = Products;
			sourceTree = "<group>";
		};
		3FAF850B1D943495004E451B /* shoter */ = {
			isa = PBXGroup;
			children = (
				3F7925361D9863AA00107727 /* GameData.swift */,
				3F7925371D9863AA00107727 /* MyUtils.swift */,
				3FAF850C1D943495004E451B /* AppDelegate.swift */,
				3FAF852D1D943570004E451B /* Scene */,
				3FAF852C1D94352C004E451B /* vc */,
				3FAF85301D9435AD004E451B /* Lib */,
				3FAF852F1D94359A004E451B /* Model */,
				3FAF852E1D943589004E451B /* Sprite */,
				3FAF85101D943496004E451B /* Actions.sks */,
				3FAF850E1D943496004E451B /* GameScene.sks */,
				3FAF85161D943496004E451B /* Main.storyboard */,
				3FAF85191D943496004E451B /* Assets.xcassets */,
				3FAF851B1D943496004E451B /* LaunchScreen.storyboard */,
				3FAF851E1D943496004E451B /* Info.plist */,
				3F6CE1751DA1E39D004F74D7 /* bombShip.png */,
				3F9161081D999393007E381E /* bullet.png */,
			);
			path = shoter;
			sourceTree = "<group>";
		};
		3FAF852C1D94352C004E451B /* vc */ = {
			isa = PBXGroup;
			children = (
				3FAF85141D943496004E451B /* GameViewController.swift */,
			);
			name = vc;
			sourceTree = "<group>";
		};
		3FAF852D1D943570004E451B /* Scene */ = {
			isa = PBXGroup;
			children = (
				3FAF85121D943496004E451B /* GameScene.swift */,
				3FAF85311D943AE7004E451B /* HomeScene.swift */,
				3FAF85371D94545A004E451B /* LevelFinishScene.swift */,
				3FAF85391D945771004E451B /* GameOverScene.swift */,
			);
			name = Scene;
			sourceTree = "<group>";
		};
		3FAF852E1D943589004E451B /* Sprite */ = {
			isa = PBXGroup;
			children = (
				3F79253C1D98696B00107727 /* PlayerSprite.swift */,
				3FF0BA8E1D99BE2E00A44A38 /* Bullet.swift */,
				3FF0BA901D99C85600A44A38 /* AlienSprite.swift */,
				3F6CE1791DA1E402004F74D7 /* BombShipSprite.swift */,
				3F6CE1711DA1DEF5004F74D7 /* Space.sks */,
				3F6CE1721DA1DEF5004F74D7 /* spark.png */,
			);
			name = Sprite;
			sourceTree = "<group>";
		};
		3FAF852F1D94359A004E451B /* Model */ = {
			isa = PBXGroup;
			children = (
				3FAF85351D945386004E451B /* LevelResults.swift */,
			);
			name = Model;
			sourceTree = "<group>";
		};
		3FAF85301D9435AD004E451B /* Lib */ = {
			isa = PBXGroup;
			children = (
				3F7925341D9863AA00107727 /* CGFloat+Extensions.swift */,
				3F7925351D9863AA00107727 /* CGPoint+Extensions.swift */,
			);
			name = Lib;
			sourceTree = "<group>";
		};
/* End PBXGroup section */

/* Begin PBXNativeTarget section */
		3FAF85081D943495004E451B /* shoter */ = {
			isa = PBXNativeTarget;
			buildConfigurationList = 3FAF85211D943496004E451B /* Build configuration list for PBXNativeTarget "shoter" */;
			buildPhases = (
				3FAF85051D943495004E451B /* Sources */,
				3FAF85061D943495004E451B /* Frameworks */,
				3FAF85071D943495004E451B /* Resources */,
			);
			buildRules = (
			);
			dependencies = (
			);
			name = shoter;
			productName = shoter;
			productReference = 3FAF85091D943495004E451B /* shoter.app */;
			productType = "com.apple.product-type.application";
		};
/* End PBXNativeTarget section */

/* Begin PBXProject section */
		3FAF85011D943495004E451B /* Project object */ = {
			isa = PBXProject;
			attributes = {
				LastSwiftUpdateCheck = 0800;
				LastUpgradeCheck = 0800;
				ORGANIZATIONNAME = djl1005;
				TargetAttributes = {
					3FAF85081D943495004E451B = {
						CreatedOnToolsVersion = 8.0;
						DevelopmentTeam = 3FRQ3MJ5Y9;
						ProvisioningStyle = Automatic;
					};
				};
			};
			buildConfigurationList = 3FAF85041D943495004E451B /* Build configuration list for PBXProject "shoter" */;
			compatibilityVersion = "Xcode 3.2";
			developmentRegion = English;
			hasScannedForEncodings = 0;
			knownRegions = (
				en,
				Base,
			);
			mainGroup = 3FAF85001D943495004E451B;
			productRefGroup = 3FAF850A1D943495004E451B /* Products */;
			projectDirPath = "";
			projectRoot = "";
			targets = (
				3FAF85081D943495004E451B /* shoter */,
			);
		};
/* End PBXProject section */

/* Begin PBXResourcesBuildPhase section */
		3FAF85071D943495004E451B /* Resources */ = {
			isa = PBXResourcesBuildPhase;
			buildActionMask = 2147483647;
			files = (
				3FAF85181D943496004E451B /* Main.storyboard in Resources */,
				3F9161091D999393007E381E /* bullet.png in Resources */,
				3F6CE1761DA1E39D004F74D7 /* bombShip.png in Resources */,
				3FAF850F1D943496004E451B /* GameScene.sks in Resources */,
				3FAF851A1D943496004E451B /* Assets.xcassets in Resources */,
				3FAF851D1D943496004E451B /* LaunchScreen.storyboard in Resources */,
				3F6CE1741DA1DEF5004F74D7 /* spark.png in Resources */,
				3FAF85111D943496004E451B /* Actions.sks in Resources */,
				3F6CE1731DA1DEF5004F74D7 /* Space.sks in Resources */,
			);
			runOnlyForDeploymentPostprocessing = 0;
		};
/* End PBXResourcesBuildPhase section */

/* Begin PBXSourcesBuildPhase section */
		3FAF85051D943495004E451B /* Sources */ = {
			isa = PBXSourcesBuildPhase;
			buildActionMask = 2147483647;
			files = (
				3F7925381D9863AA00107727 /* CGFloat+Extensions.swift in Sources */,
				3FAF85131D943496004E451B /* GameScene.swift in Sources */,
				3FAF85321D943AE7004E451B /* HomeScene.swift in Sources */,
				3FF0BA8F1D99BE2E00A44A38 /* Bullet.swift in Sources */,
				3FAF85361D945386004E451B /* LevelResults.swift in Sources */,
				3F79253A1D9863AA00107727 /* GameData.swift in Sources */,
				3FF0BA911D99C85600A44A38 /* AlienSprite.swift in Sources */,
				3F6CE17A1DA1E402004F74D7 /* BombShipSprite.swift in Sources */,
				3F79253B1D9863AA00107727 /* MyUtils.swift in Sources */,
				3FAF85151D943496004E451B /* GameViewController.swift in Sources */,
				3FAF85381D94545A004E451B /* LevelFinishScene.swift in Sources */,
				3FAF853A1D945771004E451B /* GameOverScene.swift in Sources */,
				3F7925391D9863AA00107727 /* CGPoint+Extensions.swift in Sources */,
				3FAF850D1D943495004E451B /* AppDelegate.swift in Sources */,
				3F79253D1D98696B00107727 /* PlayerSprite.swift in Sources */,
			);
			runOnlyForDeploymentPostprocessing = 0;
		};
/* End PBXSourcesBuildPhase section */

/* Begin PBXVariantGroup section */
		3FAF85161D943496004E451B /* Main.storyboard */ = {
			isa = PBXVariantGroup;
			children = (
				3FAF85171D943496004E451B /* Base */,
			);
			name = Main.storyboard;
			sourceTree = "<group>";
		};
		3FAF851B1D943496004E451B /* LaunchScreen.storyboard */ = {
			isa = PBXVariantGroup;
			children = (
				3FAF851C1D943496004E451B /* Base */,
			);
			name = LaunchScreen.storyboard;
			sourceTree = "<group>";
		};
/* End PBXVariantGroup section */

/* Begin XCBuildConfiguration section */
		3FAF851F1D943496004E451B /* Debug */ = {
			isa = XCBuildConfiguration;
			buildSettings = {
				ALWAYS_SEARCH_USER_PATHS = NO;
				CLANG_ANALYZER_NONNULL = YES;
				CLANG_CXX_LANGUAGE_STANDARD = "gnu++0x";
				CLANG_CXX_LIBRARY = "libc++";
				CLANG_ENABLE_MODULES = YES;
				CLANG_ENABLE_OBJC_ARC = YES;
				CLANG_WARN_BOOL_CONVERSION = YES;
				CLANG_WARN_CONSTANT_CONVERSION = YES;
				CLANG_WARN_DIRECT_OBJC_ISA_USAGE = YES_ERROR;
				CLANG_WARN_DOCUMENTATION_COMMENTS = YES;
				CLANG_WARN_EMPTY_BODY = YES;
				CLANG_WARN_ENUM_CONVERSION = YES;
				CLANG_WARN_INFINITE_RECURSION = YES;
				CLANG_WARN_INT_CONVERSION = YES;
				CLANG_WARN_OBJC_ROOT_CLASS = YES_ERROR;
				CLANG_WARN_SUSPICIOUS_MOVES = YES;
				CLANG_WARN_UNREACHABLE_CODE = YES;
				CLANG_WARN__DUPLICATE_METHOD_MATCH = YES;
				"CODE_SIGN_IDENTITY[sdk=iphoneos*]" = "iPhone Developer";
				COPY_PHASE_STRIP = NO;
				DEBUG_INFORMATION_FORMAT = dwarf;
				ENABLE_STRICT_OBJC_MSGSEND = YES;
				ENABLE_TESTABILITY = YES;
				GCC_C_LANGUAGE_STANDARD = gnu99;
				GCC_DYNAMIC_NO_PIC = NO;
				GCC_NO_COMMON_BLOCKS = YES;
				GCC_OPTIMIZATION_LEVEL = 0;
				GCC_PREPROCESSOR_DEFINITIONS = (
					"DEBUG=1",
					"$(inherited)",
				);
				GCC_WARN_64_TO_32_BIT_CONVERSION = YES;
				GCC_WARN_ABOUT_RETURN_TYPE = YES_ERROR;
				GCC_WARN_UNDECLARED_SELECTOR = YES;
				GCC_WARN_UNINITIALIZED_AUTOS = YES_AGGRESSIVE;
				GCC_WARN_UNUSED_FUNCTION = YES;
				GCC_WARN_UNUSED_VARIABLE = YES;
				IPHONEOS_DEPLOYMENT_TARGET = 10.0;
				MTL_ENABLE_DEBUG_INFO = YES;
				ONLY_ACTIVE_ARCH = YES;
				SDKROOT = iphoneos;
				SWIFT_ACTIVE_COMPILATION_CONDITIONS = DEBUG;
				SWIFT_OPTIMIZATION_LEVEL = "-Onone";
				TARGETED_DEVICE_FAMILY = "1,2";
			};
			name = Debug;
		};
		3FAF85201D943496004E451B /* Release */ = {
			isa = XCBuildConfiguration;
			buildSettings = {
				ALWAYS_SEARCH_USER_PATHS = NO;
				CLANG_ANALYZER_NONNULL = YES;
				CLANG_CXX_LANGUAGE_STANDARD = "gnu++0x";
				CLANG_CXX_LIBRARY = "libc++";
				CLANG_ENABLE_MODULES = YES;
				CLANG_ENABLE_OBJC_ARC = YES;
				CLANG_WARN_BOOL_CONVERSION = YES;
				CLANG_WARN_CONSTANT_CONVERSION = YES;
				CLANG_WARN_DIRECT_OBJC_ISA_USAGE = YES_ERROR;
				CLANG_WARN_DOCUMENTATION_COMMENTS = YES;
				CLANG_WARN_EMPTY_BODY = YES;
				CLANG_WARN_ENUM_CONVERSION = YES;
				CLANG_WARN_INFINITE_RECURSION = YES;
				CLANG_WARN_INT_CONVERSION = YES;
				CLANG_WARN_OBJC_ROOT_CLASS = YES_ERROR;
				CLANG_WARN_SUSPICIOUS_MOVES = YES;
				CLANG_WARN_UNREACHABLE_CODE = YES;
				CLANG_WARN__DUPLICATE_METHOD_MATCH = YES;
				"CODE_SIGN_IDENTITY[sdk=iphoneos*]" = "iPhone Developer";
				COPY_PHASE_STRIP = NO;
				DEBUG_INFORMATION_FORMAT = "dwarf-with-dsym";
				ENABLE_NS_ASSERTIONS = NO;
				ENABLE_STRICT_OBJC_MSGSEND = YES;
				GCC_C_LANGUAGE_STANDARD = gnu99;
				GCC_NO_COMMON_BLOCKS = YES;
				GCC_WARN_64_TO_32_BIT_CONVERSION = YES;
				GCC_WARN_ABOUT_RETURN_TYPE = YES_ERROR;
				GCC_WARN_UNDECLARED_SELECTOR = YES;
				GCC_WARN_UNINITIALIZED_AUTOS = YES_AGGRESSIVE;
				GCC_WARN_UNUSED_FUNCTION = YES;
				GCC_WARN_UNUSED_VARIABLE = YES;
				IPHONEOS_DEPLOYMENT_TARGET = 10.0;
				MTL_ENABLE_DEBUG_INFO = NO;
				SDKROOT = iphoneos;
				SWIFT_OPTIMIZATION_LEVEL = "-Owholemodule";
				TARGETED_DEVICE_FAMILY = "1,2";
				VALIDATE_PRODUCT = YES;
			};
			name = Release;
		};
		3FAF85221D943496004E451B /* Debug */ = {
			isa = XCBuildConfiguration;
			buildSettings = {
				ASSETCATALOG_COMPILER_APPICON_NAME = AppIcon;
				DEVELOPMENT_TEAM = 3FRQ3MJ5Y9;
				INFOPLIST_FILE = shoter/Info.plist;
				LD_RUNPATH_SEARCH_PATHS = "$(inherited) @executable_path/Frameworks";
				PRODUCT_BUNDLE_IDENTIFIER = com.djl1005.shoter;
				PRODUCT_NAME = "$(TARGET_NAME)";
				SWIFT_VERSION = 3.0;
				TARGETED_DEVICE_FAMILY = 1;
			};
			name = Debug;
		};
		3FAF85231D943496004E451B /* Release */ = {
			isa = XCBuildConfiguration;
			buildSettings = {
				ASSETCATALOG_COMPILER_APPICON_NAME = AppIcon;
				DEVELOPMENT_TEAM = 3FRQ3MJ5Y9;
				INFOPLIST_FILE = shoter/Info.plist;
				LD_RUNPATH_SEARCH_PATHS = "$(inherited) @executable_path/Frameworks";
				PRODUCT_BUNDLE_IDENTIFIER = com.djl1005.shoter;
				PRODUCT_NAME = "$(TARGET_NAME)";
				SWIFT_VERSION = 3.0;
				TARGETED_DEVICE_FAMILY = 1;
			};
			name = Release;
		};
/* End XCBuildConfiguration section */

/* Begin XCConfigurationList section */
		3FAF85041D943495004E451B /* Build configuration list for PBXProject "shoter" */ = {
			isa = XCConfigurationList;
			buildConfigurations = (
				3FAF851F1D943496004E451B /* Debug */,
				3FAF85201D943496004E451B /* Release */,
			);
			defaultConfigurationIsVisible = 0;
			defaultConfigurationName = Release;
		};
		3FAF85211D943496004E451B /* Build configuration list for PBXNativeTarget "shoter" */ = {
			isa = XCConfigurationList;
			buildConfigurations = (
				3FAF85221D943496004E451B /* Debug */,
				3FAF85231D943496004E451B /* Release */,
			);
			defaultConfigurationIsVisible = 0;
			defaultConfigurationName = Release;
		};
/* End XCConfigurationList section */
	};
	rootObject = 3FAF85011D943495004E451B /* Project object */;
}
